
Microsoft Visual Studio Solution File, Format Version 12.00
# Visual Studio Version 16
VisualStudioVersion = 16.0.28315.86
MinimumVisualStudioVersion = 10.0.40219.1
Project("{FAE04EC0-301F-11D3-BF4B-00C04F79EFBC}") = "Destroy", "Destroy\Destroy.csproj", "{29678C39-7511-4CE8-925F-08E663872CDA}"
EndProject
Project("{FAE04EC0-301F-11D3-BF4B-00C04F79EFBC}") = "DestroyExample", "DestroyExample\DestroyExample.csproj", "{3C728BFB-5F20-48C8-940C-C3AD5A4B87B0}"
EndProject
Project("{FAE04EC0-301F-11D3-BF4B-00C04F79EFBC}") = "DestroyScript", "DestroyScript\DestroyScript.csproj", "{B4703BB7-DEE9-4B32-8720-8BAC054192C0}"
EndProject
Global
	GlobalSection(SolutionConfigurationPlatforms) = preSolution
		Debug|Any CPU = Debug|Any CPU
		Release|Any CPU = Release|Any CPU
	EndGlobalSection
	GlobalSection(ProjectConfigurationPlatforms) = postSolution
		{29678C39-7511-4CE8-925F-08E663872CDA}.Debug|Any CPU.ActiveCfg = Debug|Any CPU
		{29678C39-7511-4CE8-925F-08E663872CDA}.Debug|Any CPU.Build.0 = Debug|Any CPU
		{29678C39-7511-4CE8-925F-08E663872CDA}.Release|Any CPU.ActiveCfg = Release|Any CPU
		{29678C39-7511-4CE8-925F-08E663872CDA}.Release|Any CPU.Build.0 = Release|Any CPU
		{3C728BFB-5F20-48C8-940C-C3AD5A4B87B0}.Debug|Any CPU.ActiveCfg = Debug|Any CPU
		{3C728BFB-5F20-48C8-940C-C3AD5A4B87B0}.Debug|Any CPU.Build.0 = Debug|Any CPU
		{3C728BFB-5F20-48C8-940C-C3AD5A4B87B0}.Release|Any CPU.ActiveCfg = Release|Any CPU
		{3C728BFB-5F20-48C8-940C-C3AD5A4B87B0}.Release|Any CPU.Build.0 = Release|Any CPU
		{B4703BB7-DEE9-4B32-8720-8BAC054192C0}.Debug|Any CPU.ActiveCfg = Debug|Any CPU
		{B4703BB7-DEE9-4B32-8720-8BAC054192C0}.Debug|Any CPU.Build.0 = Debug|Any CPU
		{B4703BB7-DEE9-4B32-8720-8BAC054192C0}.Release|Any CPU.ActiveCfg = Release|Any CPU
		{B4703BB7-DEE9-4B32-8720-8BAC054192C0}.Release|Any CPU.Build.0 = Release|Any CPU
	EndGlobalSection
	GlobalSection(SolutionProperties) = preSolution
		HideSolutionNode = FALSE
	EndGlobalSection
	GlobalSection(ExtensibilityGlobals) = postSolution
		SolutionGuid = {D1615134-280A-499B-91E2-C5A774A91E2F}
	EndGlobalSection
EndGlobal
