
Microsoft Visual Studio Solution File, Format Version 12.00
# Visual Studio 15
VisualStudioVersion = 15.0.27703.2000
MinimumVisualStudioVersion = 10.0.40219.1
Project("{FAE04EC0-301F-11D3-BF4B-00C04F79EFBC}") = "Protobuf2CS", "Protobuf2CS\Protobuf2CS.csproj", "{9E193724-FF8A-40D3-901A-0104AA8AC279}"
EndProject
Global
	GlobalSection(SolutionConfigurationPlatforms) = preSolution
		Debug|Any CPU = Debug|Any CPU
		Release|Any CPU = Release|Any CPU
	EndGlobalSection
	GlobalSection(ProjectConfigurationPlatforms) = postSolution
		{9E193724-FF8A-40D3-901A-0104AA8AC279}.Debug|Any CPU.ActiveCfg = Debug|Any CPU
		{9E193724-FF8A-40D3-901A-0104AA8AC279}.Debug|Any CPU.Build.0 = Debug|Any CPU
		{9E193724-FF8A-40D3-901A-0104AA8AC279}.Release|Any CPU.ActiveCfg = Release|Any CPU
		{9E193724-FF8A-40D3-901A-0104AA8AC279}.Release|Any CPU.Build.0 = Release|Any CPU
	EndGlobalSection
	GlobalSection(SolutionProperties) = preSolution
		HideSolutionNode = FALSE
	EndGlobalSection
	GlobalSection(ExtensibilityGlobals) = postSolution
		SolutionGuid = {7A162E4E-C420-47CB-B73C-30869ABEB86B}
	EndGlobalSection
EndGlobal
