
Microsoft Visual Studio Solution File, Format Version 12.00
# Visual Studio 15
VisualStudioVersion = 15.0.28010.2036
MinimumVisualStudioVersion = 10.0.40219.1
Project("{FAE04EC0-301F-11D3-BF4B-00C04F79EFBC}") = "Message", "Message\Message.csproj", "{1E5FBC96-7CA1-4F4F-93DD-8D8C3950CD95}"
EndProject
Global
	GlobalSection(SolutionConfigurationPlatforms) = preSolution
		Debug|Any CPU = Debug|Any CPU
		Release|Any CPU = Release|Any CPU
	EndGlobalSection
	GlobalSection(ProjectConfigurationPlatforms) = postSolution
		{1E5FBC96-7CA1-4F4F-93DD-8D8C3950CD95}.Debug|Any CPU.ActiveCfg = Debug|Any CPU
		{1E5FBC96-7CA1-4F4F-93DD-8D8C3950CD95}.Debug|Any CPU.Build.0 = Debug|Any CPU
		{1E5FBC96-7CA1-4F4F-93DD-8D8C3950CD95}.Release|Any CPU.ActiveCfg = Release|Any CPU
		{1E5FBC96-7CA1-4F4F-93DD-8D8C3950CD95}.Release|Any CPU.Build.0 = Release|Any CPU
	EndGlobalSection
	GlobalSection(SolutionProperties) = preSolution
		HideSolutionNode = FALSE
	EndGlobalSection
	GlobalSection(ExtensibilityGlobals) = postSolution
		SolutionGuid = {FE3DE912-6613-4DF1-85FF-3AE1892DFC7E}
	EndGlobalSection
EndGlobal
