
Microsoft Visual Studio Solution File, Format Version 12.00
# Visual Studio 15
VisualStudioVersion = 15.0.28010.2036
MinimumVisualStudioVersion = 10.0.40219.1
Project("{FAE04EC0-301F-11D3-BF4B-00C04F79EFBC}") = "UDP", "UDP\UDP.csproj", "{50954110-A46C-400B-96DD-3630EC442CBA}"
EndProject
Project("{FAE04EC0-301F-11D3-BF4B-00C04F79EFBC}") = "ConsoleApp1", "ConsoleApp1\ConsoleApp1.csproj", "{924A57A5-3B02-445E-8949-9E82B1CA0CA0}"
EndProject
Global
	GlobalSection(SolutionConfigurationPlatforms) = preSolution
		Debug|Any CPU = Debug|Any CPU
		Release|Any CPU = Release|Any CPU
	EndGlobalSection
	GlobalSection(ProjectConfigurationPlatforms) = postSolution
		{50954110-A46C-400B-96DD-3630EC442CBA}.Debug|Any CPU.ActiveCfg = Debug|Any CPU
		{50954110-A46C-400B-96DD-3630EC442CBA}.Debug|Any CPU.Build.0 = Debug|Any CPU
		{50954110-A46C-400B-96DD-3630EC442CBA}.Release|Any CPU.ActiveCfg = Release|Any CPU
		{50954110-A46C-400B-96DD-3630EC442CBA}.Release|Any CPU.Build.0 = Release|Any CPU
		{924A57A5-3B02-445E-8949-9E82B1CA0CA0}.Debug|Any CPU.ActiveCfg = Debug|Any CPU
		{924A57A5-3B02-445E-8949-9E82B1CA0CA0}.Debug|Any CPU.Build.0 = Debug|Any CPU
		{924A57A5-3B02-445E-8949-9E82B1CA0CA0}.Release|Any CPU.ActiveCfg = Release|Any CPU
		{924A57A5-3B02-445E-8949-9E82B1CA0CA0}.Release|Any CPU.Build.0 = Release|Any CPU
	EndGlobalSection
	GlobalSection(SolutionProperties) = preSolution
		HideSolutionNode = FALSE
	EndGlobalSection
	GlobalSection(ExtensibilityGlobals) = postSolution
		SolutionGuid = {E4651239-C647-445E-8274-B86BC8BF481E}
	EndGlobalSection
EndGlobal
